
Microsoft Visual Studio Solution File, Format Version 12.00
# Visual Studio 14
VisualStudioVersion = 14.0.25420.1
MinimumVisualStudioVersion = 10.0.40219.1
Project("{FAE04EC0-301F-11D3-BF4B-00C04F79EFBC}") = "SmartConnector.WeatherExtension", "SmartConnector.WeatherExtension\SmartConnector.WeatherExtension.csproj", "{ED1CFC48-1815-44D0-8EBB-AD6FE6CAEC2F}"
EndProject
Project("{FAE04EC0-301F-11D3-BF4B-00C04F79EFBC}") = "SmartConnector.WeatherExtension.Test", "SmartConnector.WeatherExtension.Test\SmartConnector.WeatherExtension.Test.csproj", "{5BD9B6A1-9266-4FEB-AA99-0AEBD3213641}"
EndProject
Global
	GlobalSection(SolutionConfigurationPlatforms) = preSolution
		Debug|Any CPU = Debug|Any CPU
		Release|Any CPU = Release|Any CPU
	EndGlobalSection
	GlobalSection(ProjectConfigurationPlatforms) = postSolution
		{ED1CFC48-1815-44D0-8EBB-AD6FE6CAEC2F}.Debug|Any CPU.ActiveCfg = Debug|Any CPU
		{ED1CFC48-1815-44D0-8EBB-AD6FE6CAEC2F}.Debug|Any CPU.Build.0 = Debug|Any CPU
		{ED1CFC48-1815-44D0-8EBB-AD6FE6CAEC2F}.Release|Any CPU.ActiveCfg = Release|Any CPU
		{ED1CFC48-1815-44D0-8EBB-AD6FE6CAEC2F}.Release|Any CPU.Build.0 = Release|Any CPU
		{5BD9B6A1-9266-4FEB-AA99-0AEBD3213641}.Debug|Any CPU.ActiveCfg = Debug|Any CPU
		{5BD9B6A1-9266-4FEB-AA99-0AEBD3213641}.Debug|Any CPU.Build.0 = Debug|Any CPU
		{5BD9B6A1-9266-4FEB-AA99-0AEBD3213641}.Release|Any CPU.ActiveCfg = Release|Any CPU
		{5BD9B6A1-9266-4FEB-AA99-0AEBD3213641}.Release|Any CPU.Build.0 = Release|Any CPU
	EndGlobalSection
	GlobalSection(SolutionProperties) = preSolution
		HideSolutionNode = FALSE
	EndGlobalSection
EndGlobal
